PODS:
  - Async (0.2.0)
  - Bolts/Tasks (1.8.4)
  - CZPicker (0.4.3)
  - GoogleMaps (2.1.0):
    - GoogleMaps/Maps (= 2.1.0)
  - GoogleMaps/Base (2.1.0)
  - GoogleMaps/Maps (2.1.0):
    - GoogleMaps/Base (= 2.1.0)
  - MGSwipeTableCell (1.5.6)
  - Parse (1.14.2):
    - Bolts/Tasks (~> 1.8)
  - XLActionController (3.0.1):
    - XLActionController/Core (= 3.0.1)
  - XLActionController/Core (3.0.1)

DEPENDENCIES:
  - Async
  - CZPicker
  - GoogleMaps
  - MGSwipeTableCell
  - Parse
  - XLActionController

SPEC CHECKSUMS:
  Async: d80205f1a1b4eea24de8ddc62cf5197ff3025330
  Bolts: 8a7995239dbe724f9cba2248b766d48b7ebdd322
  CZPicker: 55aa1751ea26e209814552da1a9a08cba8bbf72a
  GoogleMaps: 06589b9a38097bce0cd6e90f0fd9b5e4b4a9344c
  MGSwipeTableCell: 616700eb0ffd1c611ba909066cb7fd739790a0a7
  Parse: 4335d65f40cb3d43190d723144bbe1afb9c38230
  XLActionController: 57fe0ce1642e2eed971b188b490762345fdbf963

PODFILE CHECKSUM: 02814a376b17c1da770637330e8604dd8d00ad98

COCOAPODS: 1.2.0.beta.1
